
Microsoft Visual Studio Solution File, Format Version 12.00
# Visual Studio Version 17
VisualStudioVersion = 17.1.32210.238
MinimumVisualStudioVersion = 10.0.40219.1
Project("{FAE04EC0-301F-11D3-BF4B-00C04F79EFBC}") = "Exercises", "Exercises\Exercises.csproj", "{B0FA5D45-AD28-45F2-B2DD-F9DC8C9A43FE}"
EndProject
Global
	GlobalSection(SolutionConfigurationPlatforms) = preSolution
		Debug|Any CPU = Debug|Any CPU
		Release|Any CPU = Release|Any CPU
	EndGlobalSection
	GlobalSection(ProjectConfigurationPlatforms) = postSolution
		{B0FA5D45-AD28-45F2-B2DD-F9DC8C9A43FE}.Debug|Any CPU.ActiveCfg = Debug|Any CPU
		{B0FA5D45-AD28-45F2-B2DD-F9DC8C9A43FE}.Debug|Any CPU.Build.0 = Debug|Any CPU
		{B0FA5D45-AD28-45F2-B2DD-F9DC8C9A43FE}.Release|Any CPU.ActiveCfg = Release|Any CPU
		{B0FA5D45-AD28-45F2-B2DD-F9DC8C9A43FE}.Release|Any CPU.Build.0 = Release|Any CPU
	EndGlobalSection
	GlobalSection(SolutionProperties) = preSolution
		HideSolutionNode = FALSE
	EndGlobalSection
	GlobalSection(ExtensibilityGlobals) = postSolution
		SolutionGuid = {B28740AC-32B5-40C8-ABBC-89FF1C939B64}
	EndGlobalSection
EndGlobal
